// !$*UTF8*$!
{
	archiveVersion = 1;
	classes = {
	};
	objectVersion = 55;
	objects = {

/* Begin PBXBuildFile section */
		B2253077288D621500D130B8 /* JFPetView.m in Sources */ = {isa = PBXBuildFile; fileRef = B2253047288D621500D130B8 /* JFPetView.m */; };
		B2253078288D621500D130B8 /* JFPetView.xib in Resources */ = {isa = PBXBuildFile; fileRef = B2253049288D621500D130B8 /* JFPetView.xib */; };
		B225307B288D621500D130B8 /* room_pet_eat.svga in Resources */ = {isa = PBXBuildFile; fileRef = B225304E288D621500D130B8 /* room_pet_eat.svga */; };
		B2253080288D621500D130B8 /* JFPetResultView.xib in Resources */ = {isa = PBXBuildFile; fileRef = B2253057288D621500D130B8 /* JFPetResultView.xib */; };
		B2253081288D621500D130B8 /* JFPetResultCell.xib in Resources */ = {isa = PBXBuildFile; fileRef = B2253058288D621500D130B8 /* JFPetResultCell.xib */; };
		B2253082288D621500D130B8 /* JFPetResultView.m in Sources */ = {isa = PBXBuildFile; fileRef = B2253059288D621500D130B8 /* JFPetResultView.m */; };
		B2253083288D621500D130B8 /* JFPetResultCell.m in Sources */ = {isa = PBXBuildFile; fileRef = B225305A288D621500D130B8 /* JFPetResultCell.m */; };
		B225308A288D621500D130B8 /* RoomPetView.xcassets in Resources */ = {isa = PBXBuildFile; fileRef = B2253068288D621500D130B8 /* RoomPetView.xcassets */; };
		B225308D288D621500D130B8 /* room_pet_idel.svga in Resources */ = {isa = PBXBuildFile; fileRef = B225306F288D621500D130B8 /* room_pet_idel.svga */; };
		B2253095288D62EA00D130B8 /* JFNoHighlightButton.m in Sources */ = {isa = PBXBuildFile; fileRef = B2253094288D62EA00D130B8 /* JFNoHighlightButton.m */; };
		B267AF892882D6F800648A02 /* AppDelegate.m in Sources */ = {isa = PBXBuildFile; fileRef = B267AF882882D6F800648A02 /* AppDelegate.m */; };
		B267AF8C2882D6F800648A02 /* SceneDelegate.m in Sources */ = {isa = PBXBuildFile; fileRef = B267AF8B2882D6F800648A02 /* SceneDelegate.m */; };
		B267AF8F2882D6F800648A02 /* ViewController.m in Sources */ = {isa = PBXBuildFile; fileRef = B267AF8E2882D6F800648A02 /* ViewController.m */; };
		B267AF942882D6FA00648A02 /* Assets.xcassets in Resources */ = {isa = PBXBuildFile; fileRef = B267AF932882D6FA00648A02 /* Assets.xcassets */; };
		B267AF972882D6FA00648A02 /* LaunchScreen.storyboard in Resources */ = {isa = PBXBuildFile; fileRef = B267AF952882D6FA00648A02 /* LaunchScreen.storyboard */; };
		B267AF9A2882D6FA00648A02 /* main.m in Sources */ = {isa = PBXBuildFile; fileRef = B267AF992882D6FA00648A02 /* main.m */; };
		B267AFE12882D99700648A02 /* JFIdolProjectView.m in Sources */ = {isa = PBXBuildFile; fileRef = B267AFAA2882D99700648A02 /* JFIdolProjectView.m */; };
		B267AFE22882D99700648A02 /* JFIdolProjectView.xib in Resources */ = {isa = PBXBuildFile; fileRef = B267AFAB2882D99700648A02 /* JFIdolProjectView.xib */; };
		B267AFE52882D99700648A02 /* prize_call_box_default.svga in Resources */ = {isa = PBXBuildFile; fileRef = B267AFAF2882D99700648A02 /* prize_call_box_default.svga */; };
		B267AFEB2882D99700648A02 /* prize_call_open_box.svga in Resources */ = {isa = PBXBuildFile; fileRef = B267AFB52882D99700648A02 /* prize_call_open_box.svga */; };
		B267AFF32882D99700648A02 /* JFLotteryResultItem.m in Sources */ = {isa = PBXBuildFile; fileRef = B267AFC22882D99700648A02 /* JFLotteryResultItem.m */; };
		B267AFF72882D99700648A02 /* JFIdolProjectResultView.m in Sources */ = {isa = PBXBuildFile; fileRef = B267AFCD2882D99700648A02 /* JFIdolProjectResultView.m */; };
		B267AFF82882D99700648A02 /* JFIdolProjectResultView.xib in Resources */ = {isa = PBXBuildFile; fileRef = B267AFCE2882D99700648A02 /* JFIdolProjectResultView.xib */; };
		B267AFF92882D99700648A02 /* JFIdolProjectResultCell.m in Sources */ = {isa = PBXBuildFile; fileRef = B267AFCF2882D99700648A02 /* JFIdolProjectResultCell.m */; };
		B267AFFA2882D99700648A02 /* JFIdolProjectResultCell.xib in Resources */ = {isa = PBXBuildFile; fileRef = B267AFD02882D99700648A02 /* JFIdolProjectResultCell.xib */; };
		B267AFFB2882D99700648A02 /* JFHttpRequestHelper.m in Sources */ = {isa = PBXBuildFile; fileRef = B267AFD42882D99700648A02 /* JFHttpRequestHelper.m */; };
		B267B0002882D99700648A02 /* Assets.xcassets in Resources */ = {isa = PBXBuildFile; fileRef = B267AFDC2882D99700648A02 /* Assets.xcassets */; };
		B2A030AE288522B00024209D /* MBProgressHUD.xcassets in Resources */ = {isa = PBXBuildFile; fileRef = B2A030AB288522B00024209D /* MBProgressHUD.xcassets */; };
		B2A030AF288522B00024209D /* MBProgressHUD+YY.m in Sources */ = {isa = PBXBuildFile; fileRef = B2A030AC288522B00024209D /* MBProgressHUD+YY.m */; };
		B2AEBF7528839599006C840E /* JFLotteryListCell.m in Sources */ = {isa = PBXBuildFile; fileRef = B2AEBF7428839599006C840E /* JFLotteryListCell.m */; };
		B2AEBF7828839602006C840E /* JFLotteryListModel.m in Sources */ = {isa = PBXBuildFile; fileRef = B2AEBF7728839602006C840E /* JFLotteryListModel.m */; };
		B2AEBF7F28839B1A006C840E /* Main.storyboard in Resources */ = {isa = PBXBuildFile; fileRef = B2AEBF7E28839B1A006C840E /* Main.storyboard */; };
		C8C4DF6479F8DBD7AE14B32F /* libPods-LotteryDemo.a in Frameworks */ = {isa = PBXBuildFile; fileRef = 66FB8767CEA9DD3F8A2EFC95 /* libPods-LotteryDemo.a */; };
/* End PBXBuildFile section */

/* Begin PBXFileReference section */
		66FB8767CEA9DD3F8A2EFC95 /* libPods-LotteryDemo.a */ = {isa = PBXFileReference; explicitFileType = archive.ar; includeInIndex = 0; path = "libPods-LotteryDemo.a"; sourceTree = BUILT_PRODUCTS_DIR; };
		A1D7244B2778B4ADA14811C8 /* Pods-LotteryDemo.release.xcconfig */ = {isa = PBXFileReference; includeInIndex = 1; lastKnownFileType = text.xcconfig; name = "Pods-LotteryDemo.release.xcconfig"; path = "Target Support Files/Pods-LotteryDemo/Pods-LotteryDemo.release.xcconfig"; sourceTree = "<group>"; };
		A61036CB77532DF636E1A7C2 /* Pods-LotteryDemo.debug.xcconfig */ = {isa = PBXFileReference; includeInIndex = 1; lastKnownFileType = text.xcconfig; name = "Pods-LotteryDemo.debug.xcconfig"; path = "Target Support Files/Pods-LotteryDemo/Pods-LotteryDemo.debug.xcconfig"; sourceTree = "<group>"; };
		B2253047288D621500D130B8 /* JFPetView.m */ = {isa = PBXFileReference; fileEncoding = 4; lastKnownFileType = sourcecode.c.objc; path = JFPetView.m; sourceTree = "<group>"; };
		B2253048288D621500D130B8 /* JFPetView.h */ = {isa = PBXFileReference; fileEncoding = 4; lastKnownFileType = sourcecode.c.h; path = JFPetView.h; sourceTree = "<group>"; };
		B2253049288D621500D130B8 /* JFPetView.xib */ = {isa = PBXFileReference; fileEncoding = 4; lastKnownFileType = file.xib; path = JFPetView.xib; sourceTree = "<group>"; };
		B225304E288D621500D130B8 /* room_pet_eat.svga */ = {isa = PBXFileReference; lastKnownFileType = file; path = room_pet_eat.svga; sourceTree = "<group>"; };
		B2253057288D621500D130B8 /* JFPetResultView.xib */ = {isa = PBXFileReference; fileEncoding = 4; lastKnownFileType = file.xib; path = JFPetResultView.xib; sourceTree = "<group>"; };
		B2253058288D621500D130B8 /* JFPetResultCell.xib */ = {isa = PBXFileReference; fileEncoding = 4; lastKnownFileType = file.xib; path = JFPetResultCell.xib; sourceTree = "<group>"; };
		B2253059288D621500D130B8 /* JFPetResultView.m */ = {isa = PBXFileReference; fileEncoding = 4; lastKnownFileType = sourcecode.c.objc; path = JFPetResultView.m; sourceTree = "<group>"; };
		B225305A288D621500D130B8 /* JFPetResultCell.m */ = {isa = PBXFileReference; fileEncoding = 4; lastKnownFileType = sourcecode.c.objc; path = JFPetResultCell.m; sourceTree = "<group>"; };
		B225305B288D621500D130B8 /* JFPetResultView.h */ = {isa = PBXFileReference; fileEncoding = 4; lastKnownFileType = sourcecode.c.h; path = JFPetResultView.h; sourceTree = "<group>"; };
		B225305C288D621500D130B8 /* JFPetResultCell.h */ = {isa = PBXFileReference; fileEncoding = 4; lastKnownFileType = sourcecode.c.h; path = JFPetResultCell.h; sourceTree = "<group>"; };
		B2253068288D621500D130B8 /* RoomPetView.xcassets */ = {isa = PBXFileReference; lastKnownFileType = folder.assetcatalog; path = RoomPetView.xcassets; sourceTree = "<group>"; };
		B225306F288D621500D130B8 /* room_pet_idel.svga */ = {isa = PBXFileReference; lastKnownFileType = file; path = room_pet_idel.svga; sourceTree = "<group>"; };
		B2253093288D62EA00D130B8 /* JFNoHighlightButton.h */ = {isa = PBXFileReference; fileEncoding = 4; lastKnownFileType = sourcecode.c.h; path = JFNoHighlightButton.h; sourceTree = "<group>"; };
		B2253094288D62EA00D130B8 /* JFNoHighlightButton.m */ = {isa = PBXFileReference; fileEncoding = 4; lastKnownFileType = sourcecode.c.objc; path = JFNoHighlightButton.m; sourceTree = "<group>"; };
		B267AF842882D6F800648A02 /* LotteryDemo.app */ = {isa = PBXFileReference; explicitFileType = wrapper.application; includeInIndex = 0; path = LotteryDemo.app; sourceTree = BUILT_PRODUCTS_DIR; };
		B267AF872882D6F800648A02 /* AppDelegate.h */ = {isa = PBXFileReference; lastKnownFileType = sourcecode.c.h; path = AppDelegate.h; sourceTree = "<group>"; };
		B267AF882882D6F800648A02 /* AppDelegate.m */ = {isa = PBXFileReference; lastKnownFileType = sourcecode.c.objc; path = AppDelegate.m; sourceTree = "<group>"; };
		B267AF8A2882D6F800648A02 /* SceneDelegate.h */ = {isa = PBXFileReference; lastKnownFileType = sourcecode.c.h; path = SceneDelegate.h; sourceTree = "<group>"; };
		B267AF8B2882D6F800648A02 /* SceneDelegate.m */ = {isa = PBXFileReference; lastKnownFileType = sourcecode.c.objc; path = SceneDelegate.m; sourceTree = "<group>"; };
		B267AF8D2882D6F800648A02 /* ViewController.h */ = {isa = PBXFileReference; lastKnownFileType = sourcecode.c.h; path = ViewController.h; sourceTree = "<group>"; };
		B267AF8E2882D6F800648A02 /* ViewController.m */ = {isa = PBXFileReference; lastKnownFileType = sourcecode.c.objc; path = ViewController.m; sourceTree = "<group>"; };
		B267AF932882D6FA00648A02 /* Assets.xcassets */ = {isa = PBXFileReference; lastKnownFileType = folder.assetcatalog; path = Assets.xcassets; sourceTree = "<group>"; };
		B267AF962882D6FA00648A02 /* Base */ = {isa = PBXFileReference; lastKnownFileType = file.storyboard; name = Base; path = Base.lproj/LaunchScreen.storyboard; sourceTree = "<group>"; };
		B267AF982882D6FA00648A02 /* Info.plist */ = {isa = PBXFileReference; lastKnownFileType = text.plist.xml; path = Info.plist; sourceTree = "<group>"; };
		B267AF992882D6FA00648A02 /* main.m */ = {isa = PBXFileReference; lastKnownFileType = sourcecode.c.objc; path = main.m; sourceTree = "<group>"; };
		B267AFA92882D99700648A02 /* JFIdolProjectView.h */ = {isa = PBXFileReference; fileEncoding = 4; lastKnownFileType = sourcecode.c.h; path = JFIdolProjectView.h; sourceTree = "<group>"; };
		B267AFAA2882D99700648A02 /* JFIdolProjectView.m */ = {isa = PBXFileReference; fileEncoding = 4; lastKnownFileType = sourcecode.c.objc; path = JFIdolProjectView.m; sourceTree = "<group>"; };
		B267AFAB2882D99700648A02 /* JFIdolProjectView.xib */ = {isa = PBXFileReference; fileEncoding = 4; lastKnownFileType = file.xib; path = JFIdolProjectView.xib; sourceTree = "<group>"; };
		B267AFAF2882D99700648A02 /* prize_call_box_default.svga */ = {isa = PBXFileReference; lastKnownFileType = file; path = prize_call_box_default.svga; sourceTree = "<group>"; };
		B267AFB52882D99700648A02 /* prize_call_open_box.svga */ = {isa = PBXFileReference; lastKnownFileType = file; path = prize_call_open_box.svga; sourceTree = "<group>"; };
		B267AFC22882D99700648A02 /* JFLotteryResultItem.m */ = {isa = PBXFileReference; fileEncoding = 4; lastKnownFileType = sourcecode.c.objc; path = JFLotteryResultItem.m; sourceTree = "<group>"; };
		B267AFC92882D99700648A02 /* JFLotteryResultItem.h */ = {isa = PBXFileReference; fileEncoding = 4; lastKnownFileType = sourcecode.c.h; path = JFLotteryResultItem.h; sourceTree = "<group>"; };
		B267AFCC2882D99700648A02 /* JFIdolProjectResultCell.h */ = {isa = PBXFileReference; fileEncoding = 4; lastKnownFileType = sourcecode.c.h; path = JFIdolProjectResultCell.h; sourceTree = "<group>"; };
		B267AFCD2882D99700648A02 /* JFIdolProjectResultView.m */ = {isa = PBXFileReference; fileEncoding = 4; lastKnownFileType = sourcecode.c.objc; path = JFIdolProjectResultView.m; sourceTree = "<group>"; };
		B267AFCE2882D99700648A02 /* JFIdolProjectResultView.xib */ = {isa = PBXFileReference; fileEncoding = 4; lastKnownFileType = file.xib; path = JFIdolProjectResultView.xib; sourceTree = "<group>"; };
		B267AFCF2882D99700648A02 /* JFIdolProjectResultCell.m */ = {isa = PBXFileReference; fileEncoding = 4; lastKnownFileType = sourcecode.c.objc; path = JFIdolProjectResultCell.m; sourceTree = "<group>"; };
		B267AFD02882D99700648A02 /* JFIdolProjectResultCell.xib */ = {isa = PBXFileReference; fileEncoding = 4; lastKnownFileType = file.xib; path = JFIdolProjectResultCell.xib; sourceTree = "<group>"; };
		B267AFD12882D99700648A02 /* JFIdolProjectResultView.h */ = {isa = PBXFileReference; fileEncoding = 4; lastKnownFileType = sourcecode.c.h; path = JFIdolProjectResultView.h; sourceTree = "<group>"; };
		B267AFD32882D99700648A02 /* JFHttpRequestHelper.h */ = {isa = PBXFileReference; fileEncoding = 4; lastKnownFileType = sourcecode.c.h; path = JFHttpRequestHelper.h; sourceTree = "<group>"; };
		B267AFD42882D99700648A02 /* JFHttpRequestHelper.m */ = {isa = PBXFileReference; fileEncoding = 4; lastKnownFileType = sourcecode.c.objc; path = JFHttpRequestHelper.m; sourceTree = "<group>"; };
		B267AFDC2882D99700648A02 /* Assets.xcassets */ = {isa = PBXFileReference; lastKnownFileType = folder.assetcatalog; path = Assets.xcassets; sourceTree = "<group>"; };
		B29CD8B628839E8800E1FB64 /* LotteryDemo.pch */ = {isa = PBXFileReference; lastKnownFileType = sourcecode.c.h; path = LotteryDemo.pch; sourceTree = "<group>"; };
		B2A030A9288522B00024209D /* MBProgressHUD+YY.h */ = {isa = PBXFileReference; fileEncoding = 4; lastKnownFileType = sourcecode.c.h; path = "MBProgressHUD+YY.h"; sourceTree = "<group>"; };
		B2A030AB288522B00024209D /* MBProgressHUD.xcassets */ = {isa = PBXFileReference; lastKnownFileType = folder.assetcatalog; path = MBProgressHUD.xcassets; sourceTree = "<group>"; };
		B2A030AC288522B00024209D /* MBProgressHUD+YY.m */ = {isa = PBXFileReference; fileEncoding = 4; lastKnownFileType = sourcecode.c.objc; path = "MBProgressHUD+YY.m"; sourceTree = "<group>"; };
		B2AEBF7328839599006C840E /* JFLotteryListCell.h */ = {isa = PBXFileReference; lastKnownFileType = sourcecode.c.h; path = JFLotteryListCell.h; sourceTree = "<group>"; };
		B2AEBF7428839599006C840E /* JFLotteryListCell.m */ = {isa = PBXFileReference; lastKnownFileType = sourcecode.c.objc; path = JFLotteryListCell.m; sourceTree = "<group>"; };
		B2AEBF7628839602006C840E /* JFLotteryListModel.h */ = {isa = PBXFileReference; lastKnownFileType = sourcecode.c.h; path = JFLotteryListModel.h; sourceTree = "<group>"; };
		B2AEBF7728839602006C840E /* JFLotteryListModel.m */ = {isa = PBXFileReference; lastKnownFileType = sourcecode.c.objc; path = JFLotteryListModel.m; sourceTree = "<group>"; };
		B2AEBF7E28839B1A006C840E /* Main.storyboard */ = {isa = PBXFileReference; fileEncoding = 4; lastKnownFileType = file.storyboard; path = Main.storyboard; sourceTree = "<group>"; };
/* End PBXFileReference section */

/* Begin PBXFrameworksBuildPhase section */
		B267AF812882D6F800648A02 /* Frameworks */ = {
			isa = PBXFrameworksBuildPhase;
			buildActionMask = 2147483647;
			files = (
				C8C4DF6479F8DBD7AE14B32F /* libPods-LotteryDemo.a in Frameworks */,
			);
			runOnlyForDeploymentPostprocessing = 0;
		};
/* End PBXFrameworksBuildPhase section */

/* Begin PBXGroup section */
		04112AE135BDF6269A373B81 /* Frameworks */ = {
			isa = PBXGroup;
			children = (
				66FB8767CEA9DD3F8A2EFC95 /* libPods-LotteryDemo.a */,
			);
			name = Frameworks;
			sourceTree = "<group>";
		};
		0B984A3D23708B036A6B978C /* Pods */ = {
			isa = PBXGroup;
			children = (
				A61036CB77532DF636E1A7C2 /* Pods-LotteryDemo.debug.xcconfig */,
				A1D7244B2778B4ADA14811C8 /* Pods-LotteryDemo.release.xcconfig */,
			);
			path = Pods;
			sourceTree = "<group>";
		};
		B2253045288D621500D130B8 /* PetView */ = {
			isa = PBXGroup;
			children = (
				B2253046288D621500D130B8 /* Main */,
				B2253056288D621500D130B8 /* Result */,
				B225304E288D621500D130B8 /* room_pet_eat.svga */,
				B225306F288D621500D130B8 /* room_pet_idel.svga */,
				B2253068288D621500D130B8 /* RoomPetView.xcassets */,
			);
			path = PetView;
			sourceTree = "<group>";
		};
		B2253046288D621500D130B8 /* Main */ = {
			isa = PBXGroup;
			children = (
				B2253048288D621500D130B8 /* JFPetView.h */,
				B2253047288D621500D130B8 /* JFPetView.m */,
				B2253049288D621500D130B8 /* JFPetView.xib */,
			);
			path = Main;
			sourceTree = "<group>";
		};
		B2253056288D621500D130B8 /* Result */ = {
			isa = PBXGroup;
			children = (
				B225305B288D621500D130B8 /* JFPetResultView.h */,
				B2253059288D621500D130B8 /* JFPetResultView.m */,
				B2253057288D621500D130B8 /* JFPetResultView.xib */,
				B225305C288D621500D130B8 /* JFPetResultCell.h */,
				B225305A288D621500D130B8 /* JFPetResultCell.m */,
				B2253058288D621500D130B8 /* JFPetResultCell.xib */,
			);
			path = Result;
			sourceTree = "<group>";
		};
		B2253092288D62EA00D130B8 /* JFNoHighlightButton */ = {
			isa = PBXGroup;
			children = (
				B2253093288D62EA00D130B8 /* JFNoHighlightButton.h */,
				B2253094288D62EA00D130B8 /* JFNoHighlightButton.m */,
			);
			path = JFNoHighlightButton;
			sourceTree = "<group>";
		};
		B2253096288D62EF00D130B8 /* Widgets */ = {
			isa = PBXGroup;
			children = (
				B2253092288D62EA00D130B8 /* JFNoHighlightButton */,
			);
			path = Widgets;
			sourceTree = "<group>";
		};
		B2257FDA288524A000130DDE /* Extensions */ = {
			isa = PBXGroup;
			children = (
				B2A030A7288522B00024209D /* MBProgressHUD */,
			);
			path = Extensions;
			sourceTree = "<group>";
		};
		B267AF7B2882D6F800648A02 = {
			isa = PBXGroup;
			children = (
				B267AF862882D6F800648A02 /* LotteryDemo */,
				B267AF852882D6F800648A02 /* Products */,
				0B984A3D23708B036A6B978C /* Pods */,
				04112AE135BDF6269A373B81 /* Frameworks */,
			);
			sourceTree = "<group>";
		};
		B267AF852882D6F800648A02 /* Products */ = {
			isa = PBXGroup;
			children = (
				B267AF842882D6F800648A02 /* LotteryDemo.app */,
			);
			name = Products;
			sourceTree = "<group>";
		};
		B267AF862882D6F800648A02 /* LotteryDemo */ = {
			isa = PBXGroup;
			children = (
				B2AEBF7A28839A2D006C840E /* Classes */,
				B267AF932882D6FA00648A02 /* Assets.xcassets */,
				B267AF952882D6FA00648A02 /* LaunchScreen.storyboard */,
				B267AF982882D6FA00648A02 /* Info.plist */,
				B267AF992882D6FA00648A02 /* main.m */,
			);
			path = LotteryDemo;
			sourceTree = "<group>";
		};
		B267AFA02882D99700648A02 /* IdolProject */ = {
			isa = PBXGroup;
			children = (
				B267AFA82882D99700648A02 /* Main */,
				B267AFCB2882D99700648A02 /* Result */,
				B267AFAC2882D99700648A02 /* Svga */,
				B267AFDC2882D99700648A02 /* Assets.xcassets */,
			);
			path = IdolProject;
			sourceTree = "<group>";
		};
		B267AFA82882D99700648A02 /* Main */ = {
			isa = PBXGroup;
			children = (
				B267AFA92882D99700648A02 /* JFIdolProjectView.h */,
				B267AFAA2882D99700648A02 /* JFIdolProjectView.m */,
				B267AFAB2882D99700648A02 /* JFIdolProjectView.xib */,
			);
			path = Main;
			sourceTree = "<group>";
		};
		B267AFAC2882D99700648A02 /* Svga */ = {
			isa = PBXGroup;
			children = (
				B267AFAF2882D99700648A02 /* prize_call_box_default.svga */,
				B267AFB52882D99700648A02 /* prize_call_open_box.svga */,
			);
			path = Svga;
			sourceTree = "<group>";
		};
		B267AFBE2882D99700648A02 /* Model */ = {
			isa = PBXGroup;
			children = (
				B267AFC92882D99700648A02 /* JFLotteryResultItem.h */,
				B267AFC22882D99700648A02 /* JFLotteryResultItem.m */,
			);
			path = Model;
			sourceTree = "<group>";
		};
		B267AFCB2882D99700648A02 /* Result */ = {
			isa = PBXGroup;
			children = (
				B267AFD12882D99700648A02 /* JFIdolProjectResultView.h */,
				B267AFCD2882D99700648A02 /* JFIdolProjectResultView.m */,
				B267AFCE2882D99700648A02 /* JFIdolProjectResultView.xib */,
				B267AFCC2882D99700648A02 /* JFIdolProjectResultCell.h */,
				B267AFCF2882D99700648A02 /* JFIdolProjectResultCell.m */,
				B267AFD02882D99700648A02 /* JFIdolProjectResultCell.xib */,
			);
			path = Result;
			sourceTree = "<group>";
		};
		B267AFD22882D99700648A02 /* Request */ = {
			isa = PBXGroup;
			children = (
				B267AFD32882D99700648A02 /* JFHttpRequestHelper.h */,
				B267AFD42882D99700648A02 /* JFHttpRequestHelper.m */,
			);
			path = Request;
			sourceTree = "<group>";
		};
		B2A030A7288522B00024209D /* MBProgressHUD */ = {
			isa = PBXGroup;
			children = (
				B2A030A9288522B00024209D /* MBProgressHUD+YY.h */,
				B2A030AC288522B00024209D /* MBProgressHUD+YY.m */,
				B2A030AB288522B00024209D /* MBProgressHUD.xcassets */,
			);
			path = MBProgressHUD;
			sourceTree = "<group>";
		};
		B2AEBF722883936A006C840E /* Lottery */ = {
			isa = PBXGroup;
			children = (
				B267AFD22882D99700648A02 /* Request */,
				B267AFBE2882D99700648A02 /* Model */,
				B267AFA02882D99700648A02 /* IdolProject */,
				B2253045288D621500D130B8 /* PetView */,
			);
			path = Lottery;
			sourceTree = "<group>";
		};
		B2AEBF79288399FE006C840E /* Home */ = {
			isa = PBXGroup;
			children = (
				B267AF8D2882D6F800648A02 /* ViewController.h */,
				B267AF8E2882D6F800648A02 /* ViewController.m */,
				B2AEBF7328839599006C840E /* JFLotteryListCell.h */,
				B2AEBF7428839599006C840E /* JFLotteryListCell.m */,
				B2AEBF7628839602006C840E /* JFLotteryListModel.h */,
				B2AEBF7728839602006C840E /* JFLotteryListModel.m */,
				B2AEBF7E28839B1A006C840E /* Main.storyboard */,
			);
			path = Home;
			sourceTree = "<group>";
		};
		B2AEBF7A28839A2D006C840E /* Classes */ = {
			isa = PBXGroup;
			children = (
				B2AEBF7B28839A3B006C840E /* Application */,
				B2257FDA288524A000130DDE /* Extensions */,
				B2253096288D62EF00D130B8 /* Widgets */,
				B2AEBF7C28839A5B006C840E /* Vendor */,
				B2AEBF7D28839A70006C840E /* Module */,
			);
			path = Classes;
			sourceTree = "<group>";
		};
		B2AEBF7B28839A3B006C840E /* Application */ = {
			isa = PBXGroup;
			children = (
				B267AF872882D6F800648A02 /* AppDelegate.h */,
				B267AF882882D6F800648A02 /* AppDelegate.m */,
				B267AF8A2882D6F800648A02 /* SceneDelegate.h */,
				B267AF8B2882D6F800648A02 /* SceneDelegate.m */,
				B29CD8B628839E8800E1FB64 /* LotteryDemo.pch */,
			);
			path = Application;
			sourceTree = "<group>";
		};
		B2AEBF7C28839A5B006C840E /* Vendor */ = {
			isa = PBXGroup;
			children = (
			);
			path = Vendor;
			sourceTree = "<group>";
		};
		B2AEBF7D28839A70006C840E /* Module */ = {
			isa = PBXGroup;
			children = (
				B2AEBF79288399FE006C840E /* Home */,
				B2AEBF722883936A006C840E /* Lottery */,
			);
			path = Module;
			sourceTree = "<group>";
		};
/* End PBXGroup section */

/* Begin PBXNativeTarget section */
		B267AF832882D6F800648A02 /* LotteryDemo */ = {
			isa = PBXNativeTarget;
			buildConfigurationList = B267AF9D2882D6FA00648A02 /* Build configuration list for PBXNativeTarget "LotteryDemo" */;
			buildPhases = (
				12FEB3EDCA8C2E57DDB055B1 /* [CP] Check Pods Manifest.lock */,
				B267AF802882D6F800648A02 /* Sources */,
				B267AF812882D6F800648A02 /* Frameworks */,
				B267AF822882D6F800648A02 /* Resources */,
			);
			buildRules = (
			);
			dependencies = (
			);
			name = LotteryDemo;
			productName = LotteryDemo;
			productReference = B267AF842882D6F800648A02 /* LotteryDemo.app */;
			productType = "com.apple.product-type.application";
		};
/* End PBXNativeTarget section */

/* Begin PBXProject section */
		B267AF7C2882D6F800648A02 /* Project object */ = {
			isa = PBXProject;
			attributes = {
				BuildIndependentTargetsInParallel = 1;
				LastUpgradeCheck = 1340;
				TargetAttributes = {
					B267AF832882D6F800648A02 = {
						CreatedOnToolsVersion = 13.4.1;
					};
				};
			};
			buildConfigurationList = B267AF7F2882D6F800648A02 /* Build configuration list for PBXProject "LotteryDemo" */;
			compatibilityVersion = "Xcode 13.0";
			developmentRegion = en;
			hasScannedForEncodings = 0;
			knownRegions = (
				en,
				Base,
			);
			mainGroup = B267AF7B2882D6F800648A02;
			productRefGroup = B267AF852882D6F800648A02 /* Products */;
			projectDirPath = "";
			projectRoot = "";
			targets = (
				B267AF832882D6F800648A02 /* LotteryDemo */,
			);
		};
/* End PBXProject section */

/* Begin PBXResourcesBuildPhase section */
		B267AF822882D6F800648A02 /* Resources */ = {
			isa = PBXResourcesBuildPhase;
			buildActionMask = 2147483647;
			files = (
				B267AFE22882D99700648A02 /* JFIdolProjectView.xib in Resources */,
				B267AFEB2882D99700648A02 /* prize_call_open_box.svga in Resources */,
				B2AEBF7F28839B1A006C840E /* Main.storyboard in Resources */,
				B267B0002882D99700648A02 /* Assets.xcassets in Resources */,
				B267AFFA2882D99700648A02 /* JFIdolProjectResultCell.xib in Resources */,
				B2A030AE288522B00024209D /* MBProgressHUD.xcassets in Resources */,
				B225308A288D621500D130B8 /* RoomPetView.xcassets in Resources */,
				B2253080288D621500D130B8 /* JFPetResultView.xib in Resources */,
				B2253078288D621500D130B8 /* JFPetView.xib in Resources */,
				B267AF972882D6FA00648A02 /* LaunchScreen.storyboard in Resources */,
				B2253081288D621500D130B8 /* JFPetResultCell.xib in Resources */,
				B267AFE52882D99700648A02 /* prize_call_box_default.svga in Resources */,
				B267AF942882D6FA00648A02 /* Assets.xcassets in Resources */,
				B225307B288D621500D130B8 /* room_pet_eat.svga in Resources */,
				B225308D288D621500D130B8 /* room_pet_idel.svga in Resources */,
				B267AFF82882D99700648A02 /* JFIdolProjectResultView.xib in Resources */,
			);
			runOnlyForDeploymentPostprocessing = 0;
		};
/* End PBXResourcesBuildPhase section */

/* Begin PBXShellScriptBuildPhase section */
		12FEB3EDCA8C2E57DDB055B1 /* [CP] Check Pods Manifest.lock */ = {
			isa = PBXShellScriptBuildPhase;
			buildActionMask = 2147483647;
			files = (
			);
			inputFileListPaths = (
			);
			inputPaths = (
				"${PODS_PODFILE_DIR_PATH}/Podfile.lock",
				"${PODS_ROOT}/Manifest.lock",
			);
			name = "[CP] Check Pods Manifest.lock";
			outputFileListPaths = (
			);
			outputPaths = (
				"$(DERIVED_FILE_DIR)/Pods-LotteryDemo-checkManifestLockResult.txt",
			);
			runOnlyForDeploymentPostprocessing = 0;
			shellPath = /bin/sh;
			shellScript = "diff \"${PODS_PODFILE_DIR_PATH}/Podfile.lock\" \"${PODS_ROOT}/Manifest.lock\" > /dev/null\nif [ $? != 0 ] ; then\n    # print error to STDERR\n    echo \"error: The sandbox is not in sync with the Podfile.lock. Run 'pod install' or update your CocoaPods installation.\" >&2\n    exit 1\nfi\n# This output is used by Xcode 'outputs' to avoid re-running this script phase.\necho \"SUCCESS\" > \"${SCRIPT_OUTPUT_FILE_0}\"\n";
			showEnvVarsInLog = 0;
		};
/* End PBXShellScriptBuildPhase section */

/* Begin PBXSourcesBuildPhase section */
		B267AF802882D6F800648A02 /* Sources */ = {
			isa = PBXSourcesBuildPhase;
			buildActionMask = 2147483647;
			files = (
				B2253077288D621500D130B8 /* JFPetView.m in Sources */,
				B2253095288D62EA00D130B8 /* JFNoHighlightButton.m in Sources */,
				B2253082288D621500D130B8 /* JFPetResultView.m in Sources */,
				B267AF8F2882D6F800648A02 /* ViewController.m in Sources */,
				B2AEBF7528839599006C840E /* JFLotteryListCell.m in Sources */,
				B267AF892882D6F800648A02 /* AppDelegate.m in Sources */,
				B267AFF72882D99700648A02 /* JFIdolProjectResultView.m in Sources */,
				B267AFF92882D99700648A02 /* JFIdolProjectResultCell.m in Sources */,
				B267AF9A2882D6FA00648A02 /* main.m in Sources */,
				B267AFE12882D99700648A02 /* JFIdolProjectView.m in Sources */,
				B267AFFB2882D99700648A02 /* JFHttpRequestHelper.m in Sources */,
				B267AF8C2882D6F800648A02 /* SceneDelegate.m in Sources */,
				B2A030AF288522B00024209D /* MBProgressHUD+YY.m in Sources */,
				B2253083288D621500D130B8 /* JFPetResultCell.m in Sources */,
				B2AEBF7828839602006C840E /* JFLotteryListModel.m in Sources */,
				B267AFF32882D99700648A02 /* JFLotteryResultItem.m in Sources */,
			);
			runOnlyForDeploymentPostprocessing = 0;
		};
/* End PBXSourcesBuildPhase section */

/* Begin PBXVariantGroup section */
		B267AF952882D6FA00648A02 /* LaunchScreen.storyboard */ = {
			isa = PBXVariantGroup;
			children = (
				B267AF962882D6FA00648A02 /* Base */,
			);
			name = LaunchScreen.storyboard;
			sourceTree = "<group>";
		};
/* End PBXVariantGroup section */

/* Begin XCBuildConfiguration section */
		B267AF9B2882D6FA00648A02 /* Debug */ = {
			isa = XCBuildConfiguration;
			buildSettings = {
				ALWAYS_SEARCH_USER_PATHS = NO;
				CLANG_ANALYZER_NONNULL = YES;
				CLANG_ANALYZER_NUMBER_OBJECT_CONVERSION = YES_AGGRESSIVE;
				CLANG_CXX_LANGUAGE_STANDARD = "gnu++17";
				CLANG_ENABLE_MODULES = YES;
				CLANG_ENABLE_OBJC_ARC = YES;
				CLANG_ENABLE_OBJC_WEAK = YES;
				CLANG_WARN_BLOCK_CAPTURE_AUTORELEASING = YES;
				CLANG_WARN_BOOL_CONVERSION = YES;
				CLANG_WARN_COMMA = YES;
				CLANG_WARN_CONSTANT_CONVERSION = YES;
				CLANG_WARN_DEPRECATED_OBJC_IMPLEMENTATIONS = YES;
				CLANG_WARN_DIRECT_OBJC_ISA_USAGE = YES_ERROR;
				CLANG_WARN_DOCUMENTATION_COMMENTS = YES;
				CLANG_WARN_EMPTY_BODY = YES;
				CLANG_WARN_ENUM_CONVERSION = YES;
				CLANG_WARN_INFINITE_RECURSION = YES;
				CLANG_WARN_INT_CONVERSION = YES;
				CLANG_WARN_NON_LITERAL_NULL_CONVERSION = YES;
				CLANG_WARN_OBJC_IMPLICIT_RETAIN_SELF = YES;
				CLANG_WARN_OBJC_LITERAL_CONVERSION = YES;
				CLANG_WARN_OBJC_ROOT_CLASS = YES_ERROR;
				CLANG_WARN_QUOTED_INCLUDE_IN_FRAMEWORK_HEADER = YES;
				CLANG_WARN_RANGE_LOOP_ANALYSIS = YES;
				CLANG_WARN_STRICT_PROTOTYPES = YES;
				CLANG_WARN_SUSPICIOUS_MOVE = YES;
				CLANG_WARN_UNGUARDED_AVAILABILITY = YES_AGGRESSIVE;
				CLANG_WARN_UNREACHABLE_CODE = YES;
				CLANG_WARN__DUPLICATE_METHOD_MATCH = YES;
				COPY_PHASE_STRIP = NO;
				DEBUG_INFORMATION_FORMAT = dwarf;
				ENABLE_STRICT_OBJC_MSGSEND = YES;
				ENABLE_TESTABILITY = YES;
				GCC_C_LANGUAGE_STANDARD = gnu11;
				GCC_DYNAMIC_NO_PIC = NO;
				GCC_NO_COMMON_BLOCKS = YES;
				GCC_OPTIMIZATION_LEVEL = 0;
				GCC_PREPROCESSOR_DEFINITIONS = (
					"DEBUG=1",
					"$(inherited)",
				);
				GCC_WARN_64_TO_32_BIT_CONVERSION = YES;
				GCC_WARN_ABOUT_RETURN_TYPE = YES_ERROR;
				GCC_WARN_UNDECLARED_SELECTOR = YES;
				GCC_WARN_UNINITIALIZED_AUTOS = YES_AGGRESSIVE;
				GCC_WARN_UNUSED_FUNCTION = YES;
				GCC_WARN_UNUSED_VARIABLE = YES;
				IPHONEOS_DEPLOYMENT_TARGET = 15.5;
				MTL_ENABLE_DEBUG_INFO = INCLUDE_SOURCE;
				MTL_FAST_MATH = YES;
				ONLY_ACTIVE_ARCH = YES;
				SDKROOT = iphoneos;
			};
			name = Debug;
		};
		B267AF9C2882D6FA00648A02 /* Release */ = {
			isa = XCBuildConfiguration;
			buildSettings = {
				ALWAYS_SEARCH_USER_PATHS = NO;
				CLANG_ANALYZER_NONNULL = YES;
				CLANG_ANALYZER_NUMBER_OBJECT_CONVERSION = YES_AGGRESSIVE;
				CLANG_CXX_LANGUAGE_STANDARD = "gnu++17";
				CLANG_ENABLE_MODULES = YES;
				CLANG_ENABLE_OBJC_ARC = YES;
				CLANG_ENABLE_OBJC_WEAK = YES;
				CLANG_WARN_BLOCK_CAPTURE_AUTORELEASING = YES;
				CLANG_WARN_BOOL_CONVERSION = YES;
				CLANG_WARN_COMMA = YES;
				CLANG_WARN_CONSTANT_CONVERSION = YES;
				CLANG_WARN_DEPRECATED_OBJC_IMPLEMENTATIONS = YES;
				CLANG_WARN_DIRECT_OBJC_ISA_USAGE = YES_ERROR;
				CLANG_WARN_DOCUMENTATION_COMMENTS = YES;
				CLANG_WARN_EMPTY_BODY = YES;
				CLANG_WARN_ENUM_CONVERSION = YES;
				CLANG_WARN_INFINITE_RECURSION = YES;
				CLANG_WARN_INT_CONVERSION = YES;
				CLANG_WARN_NON_LITERAL_NULL_CONVERSION = YES;
				CLANG_WARN_OBJC_IMPLICIT_RETAIN_SELF = YES;
				CLANG_WARN_OBJC_LITERAL_CONVERSION = YES;
				CLANG_WARN_OBJC_ROOT_CLASS = YES_ERROR;
				CLANG_WARN_QUOTED_INCLUDE_IN_FRAMEWORK_HEADER = YES;
				CLANG_WARN_RANGE_LOOP_ANALYSIS = YES;
				CLANG_WARN_STRICT_PROTOTYPES = YES;
				CLANG_WARN_SUSPICIOUS_MOVE = YES;
				CLANG_WARN_UNGUARDED_AVAILABILITY = YES_AGGRESSIVE;
				CLANG_WARN_UNREACHABLE_CODE = YES;
				CLANG_WARN__DUPLICATE_METHOD_MATCH = YES;
				COPY_PHASE_STRIP = NO;
				DEBUG_INFORMATION_FORMAT = "dwarf-with-dsym";
				ENABLE_NS_ASSERTIONS = NO;
				ENABLE_STRICT_OBJC_MSGSEND = YES;
				GCC_C_LANGUAGE_STANDARD = gnu11;
				GCC_NO_COMMON_BLOCKS = YES;
				GCC_WARN_64_TO_32_BIT_CONVERSION = YES;
				GCC_WARN_ABOUT_RETURN_TYPE = YES_ERROR;
				GCC_WARN_UNDECLARED_SELECTOR = YES;
				GCC_WARN_UNINITIALIZED_AUTOS = YES_AGGRESSIVE;
				GCC_WARN_UNUSED_FUNCTION = YES;
				GCC_WARN_UNUSED_VARIABLE = YES;
				IPHONEOS_DEPLOYMENT_TARGET = 15.5;
				MTL_ENABLE_DEBUG_INFO = NO;
				MTL_FAST_MATH = YES;
				SDKROOT = iphoneos;
				VALIDATE_PRODUCT = YES;
			};
			name = Release;
		};
		B267AF9E2882D6FA00648A02 /* Debug */ = {
			isa = XCBuildConfiguration;
			baseConfigurationReference = A61036CB77532DF636E1A7C2 /* Pods-LotteryDemo.debug.xcconfig */;
			buildSettings = {
				ASSETCATALOG_COMPILER_APPICON_NAME = AppIcon;
				ASSETCATALOG_COMPILER_GLOBAL_ACCENT_COLOR_NAME = AccentColor;
				CODE_SIGN_STYLE = Automatic;
				CURRENT_PROJECT_VERSION = 1;
				DEVELOPMENT_TEAM = BFBTV523US;
				GCC_PREFIX_HEADER = LotteryDemo/Classes/Application/LotteryDemo.pch;
				GENERATE_INFOPLIST_FILE = YES;
				INFOPLIST_FILE = LotteryDemo/Info.plist;
				INFOPLIST_KEY_UIApplicationSupportsIndirectInputEvents = YES;
				INFOPLIST_KEY_UILaunchStoryboardName = LaunchScreen;
				INFOPLIST_KEY_UIMainStoryboardFile = Main;
				INFOPLIST_KEY_UISupportedInterfaceOrientations_iPad = "UIInterfaceOrientationPortrait UIInterfaceOrientationPortraitUpsideDown UIInterfaceOrientationLandscapeLeft UIInterfaceOrientationLandscapeRight";
				INFOPLIST_KEY_UISupportedInterfaceOrientations_iPhone = "UIInterfaceOrientationPortrait UIInterfaceOrientationLandscapeLeft UIInterfaceOrientationLandscapeRight";
				IPHONEOS_DEPLOYMENT_TARGET = 13.0;
				LD_RUNPATH_SEARCH_PATHS = (
					"$(inherited)",
					"@executable_path/Frameworks",
				);
				MARKETING_VERSION = 1.0;
				PRODUCT_BUNDLE_IDENTIFIER = com.ag.LotteryDemo;
				PRODUCT_NAME = "$(TARGET_NAME)";
				SWIFT_EMIT_LOC_STRINGS = YES;
				TARGETED_DEVICE_FAMILY = "1,2";
			};
			name = Debug;
		};
		B267AF9F2882D6FA00648A02 /* Release */ = {
			isa = XCBuildConfiguration;
			baseConfigurationReference = A1D7244B2778B4ADA14811C8 /* Pods-LotteryDemo.release.xcconfig */;
			buildSettings = {
				ASSETCATALOG_COMPILER_APPICON_NAME = AppIcon;
				ASSETCATALOG_COMPILER_GLOBAL_ACCENT_COLOR_NAME = AccentColor;
				CODE_SIGN_STYLE = Automatic;
				CURRENT_PROJECT_VERSION = 1;
				DEVELOPMENT_TEAM = BFBTV523US;
				GCC_PREFIX_HEADER = LotteryDemo/Classes/Application/LotteryDemo.pch;
				GENERATE_INFOPLIST_FILE = YES;
				INFOPLIST_FILE = LotteryDemo/Info.plist;
				INFOPLIST_KEY_UIApplicationSupportsIndirectInputEvents = YES;
				INFOPLIST_KEY_UILaunchStoryboardName = LaunchScreen;
				INFOPLIST_KEY_UIMainStoryboardFile = Main;
				INFOPLIST_KEY_UISupportedInterfaceOrientations_iPad = "UIInterfaceOrientationPortrait UIInterfaceOrientationPortraitUpsideDown UIInterfaceOrientationLandscapeLeft UIInterfaceOrientationLandscapeRight";
				INFOPLIST_KEY_UISupportedInterfaceOrientations_iPhone = "UIInterfaceOrientationPortrait UIInterfaceOrientationLandscapeLeft UIInterfaceOrientationLandscapeRight";
				IPHONEOS_DEPLOYMENT_TARGET = 13.0;
				LD_RUNPATH_SEARCH_PATHS = (
					"$(inherited)",
					"@executable_path/Frameworks",
				);
				MARKETING_VERSION = 1.0;
				PRODUCT_BUNDLE_IDENTIFIER = com.ag.LotteryDemo;
				PRODUCT_NAME = "$(TARGET_NAME)";
				SWIFT_EMIT_LOC_STRINGS = YES;
				TARGETED_DEVICE_FAMILY = "1,2";
			};
			name = Release;
		};
/* End XCBuildConfiguration section */

/* Begin XCConfigurationList section */
		B267AF7F2882D6F800648A02 /* Build configuration list for PBXProject "LotteryDemo" */ = {
			isa = XCConfigurationList;
			buildConfigurations = (
				B267AF9B2882D6FA00648A02 /* Debug */,
				B267AF9C2882D6FA00648A02 /* Release */,
			);
			defaultConfigurationIsVisible = 0;
			defaultConfigurationName = Release;
		};
		B267AF9D2882D6FA00648A02 /* Build configuration list for PBXNativeTarget "LotteryDemo" */ = {
			isa = XCConfigurationList;
			buildConfigurations = (
				B267AF9E2882D6FA00648A02 /* Debug */,
				B267AF9F2882D6FA00648A02 /* Release */,
			);
			defaultConfigurationIsVisible = 0;
			defaultConfigurationName = Release;
		};
/* End XCConfigurationList section */
	};
	rootObject = B267AF7C2882D6F800648A02 /* Project object */;
}
